PODS:
  - flt_im_plugin (0.1.0):
    - flt_im_plugin/imkit (= 0.1.0)
    - flt_im_plugin/imlib (= 0.1.0)
    - flt_im_plugin/imsdk (= 0.1.0)
    - Flutter
    - MJExtension (~> 3.2.2)
  - flt_im_plugin/imkit (0.1.0):
    - flt_im_plugin/imlib
    - flt_im_plugin/imsdk
    - Flutter
    - FMDB (~> 2.7.0)
    - Masonry (~> 1.1.0)
    - MBProgressHUD (~> 0.9.1)
    - MJExtension (~> 3.2.2)
    - SDWebImage (~> 5.1.0)
    - Toast (~> 4.0.0)
  - flt_im_plugin/imlib (0.1.0):
    - flt_im_plugin/imsdk
    - Flutter
    - FMDB (~> 2.7.0)
    - Masonry (~> 1.1.0)
    - MJExtension (~> 3.2.2)
    - SDWebImage (~> 5.1.0)
  - flt_im_plugin/imsdk (0.1.0):
    - Flutter
    - MJExtension (~> 3.2.2)
  - Flutter (1.0.0)
  - FMDB (2.7.5):
    - FMDB/standard (= 2.7.5)
  - FMDB/standard (2.7.5)
  - image_picker_ios (0.0.1):
    - Flutter
  - Masonry (1.1.0)
  - MBProgressHUD (0.9.2)
  - MJExtension (3.2.4)
  - SDWebImage (5.1.1):
    - SDWebImage/Core (= 5.1.1)
  - SDWebImage/Core (5.1.1)
  - Toast (4.0.0)

DEPENDENCIES:
  - flt_im_plugin (from `.symlinks/plugins/flt_im_plugin/ios`)
  - Flutter (from `Flutter`)
  - image_picker_ios (from `.symlinks/plugins/image_picker_ios/ios`)

SPEC REPOS:
  trunk:
    - FMDB
    - Masonry
    - MBProgressHUD
    - MJExtension
    - SDWebImage
    - Toast

EXTERNAL SOURCES:
  flt_im_plugin:
    :path: ".symlinks/plugins/flt_im_plugin/ios"
  Flutter:
    :path: Flutter
  image_picker_ios:
    :path: ".symlinks/plugins/image_picker_ios/ios"

SPEC CHECKSUMS:
  flt_im_plugin: 56b59132b8d4d9dd9474c2cd8cc224d10e2c05aa
  Flutter: f04841e97a9d0b0a8025694d0796dd46242b2854
  FMDB: 2ce00b547f966261cd18927a3ddb07cb6f3db82a
  image_picker_ios: 4a8aadfbb6dc30ad5141a2ce3832af9214a705b5
  Masonry: 678fab65091a9290e40e2832a55e7ab731aad201
  MBProgressHUD: 1569cf7ace17a8bac47aabfbb8580a49690386d1
  MJExtension: 88e0900751b6cac8de1cf724ca9838a0b28d5acb
  SDWebImage: 96d7f03415ccb28d299d765f93557ff8a617abd8
  Toast: 91b396c56ee72a5790816f40d3a94dd357abc196

PODFILE CHECKSUM: c50dcf6a3b177b440dc5c5a172e9fc3b19571252

COCOAPODS: 1.11.3
